
Microsoft Visual Studio Solution File, Format Version 9.00
# Visual C++ Express 2005
Project("{8BC9CEB8-8B4A-11D0-8D11-00A0C91BC942}") = "libCgl", "Cgl\libCgl\libCgl.vcproj", "{2B6CE987-A06E-4298-93B2-00E11D674AFA}"
EndProject
Project("{8BC9CEB8-8B4A-11D0-8D11-00A0C91BC942}") = "libClp", "Clp\libClp\libClp.vcproj", "{0922F655-8D23-4444-83DD-F79F4F94526C}"
EndProject
Project("{8BC9CEB8-8B4A-11D0-8D11-00A0C91BC942}") = "libCoinUtils", "CoinUtils\libCoinUtils\libCoinUtils.vcproj", "{BF8B5BE9-3833-4C1D-9481-8851FF43C643}"
EndProject
Project("{8BC9CEB8-8B4A-11D0-8D11-00A0C91BC942}") = "libOsi", "Osi\libOsi\libOsi.vcproj", "{98D4A89D-9CBD-44C9-A4DE-7203E709FAFB}"
EndProject
Project("{8BC9CEB8-8B4A-11D0-8D11-00A0C91BC942}") = "libOsiClp", "Osi\libOsiClp\libOsiClp.vcproj", "{428C9622-248A-4A60-887D-9A84732A9AA6}"
EndProject
Project("{8BC9CEB8-8B4A-11D0-8D11-00A0C91BC942}") = "symphony", "symphony.vcproj", "{9F5346B0-208B-4E50-827F-243426C746A0}"
	ProjectSection(ProjectDependencies) = postProject
		{428C9622-248A-4A60-887D-9A84732A9AA6} = {428C9622-248A-4A60-887D-9A84732A9AA6}
		{0922F655-8D23-4444-83DD-F79F4F94526C} = {0922F655-8D23-4444-83DD-F79F4F94526C}
		{BB170874-0B55-4DF6-B0FE-5398CC668B28} = {BB170874-0B55-4DF6-B0FE-5398CC668B28}
		{2B6CE987-A06E-4298-93B2-00E11D674AFA} = {2B6CE987-A06E-4298-93B2-00E11D674AFA}
		{98D4A89D-9CBD-44C9-A4DE-7203E709FAFB} = {98D4A89D-9CBD-44C9-A4DE-7203E709FAFB}
		{BF8B5BE9-3833-4C1D-9481-8851FF43C643} = {BF8B5BE9-3833-4C1D-9481-8851FF43C643}
	EndProjectSection
EndProject
Project("{8BC9CEB8-8B4A-11D0-8D11-00A0C91BC942}") = "libSymphony", "libSymphony.vcproj", "{BB170874-0B55-4DF6-B0FE-5398CC668B28}"
EndProject
Project("{8BC9CEB8-8B4A-11D0-8D11-00A0C91BC942}") = "unitTest", "unitTest.vcproj", "{94769B1F-8604-4E53-A748-29652148AD1A}"
	ProjectSection(ProjectDependencies) = postProject
		{6FD8C527-B7DD-4865-AF5E-A2D37F9DAE30} = {6FD8C527-B7DD-4865-AF5E-A2D37F9DAE30}
		{428C9622-248A-4A60-887D-9A84732A9AA6} = {428C9622-248A-4A60-887D-9A84732A9AA6}
		{0922F655-8D23-4444-83DD-F79F4F94526C} = {0922F655-8D23-4444-83DD-F79F4F94526C}
		{BB170874-0B55-4DF6-B0FE-5398CC668B28} = {BB170874-0B55-4DF6-B0FE-5398CC668B28}
		{2B6CE987-A06E-4298-93B2-00E11D674AFA} = {2B6CE987-A06E-4298-93B2-00E11D674AFA}
		{98D4A89D-9CBD-44C9-A4DE-7203E709FAFB} = {98D4A89D-9CBD-44C9-A4DE-7203E709FAFB}
		{BF8B5BE9-3833-4C1D-9481-8851FF43C643} = {BF8B5BE9-3833-4C1D-9481-8851FF43C643}
	EndProjectSection
EndProject
Project("{8BC9CEB8-8B4A-11D0-8D11-00A0C91BC942}") = "libOsiSym", "Osi\libOsiSym\libOsiSym.vcproj", "{6FD8C527-B7DD-4865-AF5E-A2D37F9DAE30}"
	ProjectSection(ProjectDependencies) = postProject
		{BF8B5BE9-3833-4C1D-9481-8851FF43C643} = {BF8B5BE9-3833-4C1D-9481-8851FF43C643}
		{98D4A89D-9CBD-44C9-A4DE-7203E709FAFB} = {98D4A89D-9CBD-44C9-A4DE-7203E709FAFB}
		{2B6CE987-A06E-4298-93B2-00E11D674AFA} = {2B6CE987-A06E-4298-93B2-00E11D674AFA}
		{BB170874-0B55-4DF6-B0FE-5398CC668B28} = {BB170874-0B55-4DF6-B0FE-5398CC668B28}
	EndProjectSection
EndProject
Global
	GlobalSection(SolutionConfigurationPlatforms) = preSolution
		Debug|Win32 = Debug|Win32
		Release|Win32 = Release|Win32
	EndGlobalSection
	GlobalSection(ProjectConfigurationPlatforms) = postSolution
		{2B6CE987-A06E-4298-93B2-00E11D674AFA}.Debug|Win32.ActiveCfg = Debug|Win32
		{2B6CE987-A06E-4298-93B2-00E11D674AFA}.Debug|Win32.Build.0 = Debug|Win32
		{2B6CE987-A06E-4298-93B2-00E11D674AFA}.Release|Win32.ActiveCfg = Release|Win32
		{2B6CE987-A06E-4298-93B2-00E11D674AFA}.Release|Win32.Build.0 = Release|Win32
		{0922F655-8D23-4444-83DD-F79F4F94526C}.Debug|Win32.ActiveCfg = Debug|Win32
		{0922F655-8D23-4444-83DD-F79F4F94526C}.Debug|Win32.Build.0 = Debug|Win32
		{0922F655-8D23-4444-83DD-F79F4F94526C}.Release|Win32.ActiveCfg = Release|Win32
		{0922F655-8D23-4444-83DD-F79F4F94526C}.Release|Win32.Build.0 = Release|Win32
		{BF8B5BE9-3833-4C1D-9481-8851FF43C643}.Debug|Win32.ActiveCfg = Debug|Win32
		{BF8B5BE9-3833-4C1D-9481-8851FF43C643}.Debug|Win32.Build.0 = Debug|Win32
		{BF8B5BE9-3833-4C1D-9481-8851FF43C643}.Release|Win32.ActiveCfg = Release|Win32
		{BF8B5BE9-3833-4C1D-9481-8851FF43C643}.Release|Win32.Build.0 = Release|Win32
		{98D4A89D-9CBD-44C9-A4DE-7203E709FAFB}.Debug|Win32.ActiveCfg = Debug|Win32
		{98D4A89D-9CBD-44C9-A4DE-7203E709FAFB}.Debug|Win32.Build.0 = Debug|Win32
		{98D4A89D-9CBD-44C9-A4DE-7203E709FAFB}.Release|Win32.ActiveCfg = Release|Win32
		{98D4A89D-9CBD-44C9-A4DE-7203E709FAFB}.Release|Win32.Build.0 = Release|Win32
		{428C9622-248A-4A60-887D-9A84732A9AA6}.Debug|Win32.ActiveCfg = Debug|Win32
		{428C9622-248A-4A60-887D-9A84732A9AA6}.Debug|Win32.Build.0 = Debug|Win32
		{428C9622-248A-4A60-887D-9A84732A9AA6}.Release|Win32.ActiveCfg = Release|Win32
		{428C9622-248A-4A60-887D-9A84732A9AA6}.Release|Win32.Build.0 = Release|Win32
		{9F5346B0-208B-4E50-827F-243426C746A0}.Debug|Win32.ActiveCfg = Debug|Win32
		{9F5346B0-208B-4E50-827F-243426C746A0}.Debug|Win32.Build.0 = Debug|Win32
		{9F5346B0-208B-4E50-827F-243426C746A0}.Release|Win32.ActiveCfg = Release|Win32
		{9F5346B0-208B-4E50-827F-243426C746A0}.Release|Win32.Build.0 = Release|Win32
		{BB170874-0B55-4DF6-B0FE-5398CC668B28}.Debug|Win32.ActiveCfg = Debug|Win32
		{BB170874-0B55-4DF6-B0FE-5398CC668B28}.Debug|Win32.Build.0 = Debug|Win32
		{BB170874-0B55-4DF6-B0FE-5398CC668B28}.Release|Win32.ActiveCfg = Release|Win32
		{BB170874-0B55-4DF6-B0FE-5398CC668B28}.Release|Win32.Build.0 = Release|Win32
		{94769B1F-8604-4E53-A748-29652148AD1A}.Debug|Win32.ActiveCfg = Debug|Win32
		{94769B1F-8604-4E53-A748-29652148AD1A}.Debug|Win32.Build.0 = Debug|Win32
		{94769B1F-8604-4E53-A748-29652148AD1A}.Release|Win32.ActiveCfg = Release|Win32
		{94769B1F-8604-4E53-A748-29652148AD1A}.Release|Win32.Build.0 = Release|Win32
		{6FD8C527-B7DD-4865-AF5E-A2D37F9DAE30}.Debug|Win32.ActiveCfg = Debug|Win32
		{6FD8C527-B7DD-4865-AF5E-A2D37F9DAE30}.Debug|Win32.Build.0 = Debug|Win32
		{6FD8C527-B7DD-4865-AF5E-A2D37F9DAE30}.Release|Win32.ActiveCfg = Release|Win32
		{6FD8C527-B7DD-4865-AF5E-A2D37F9DAE30}.Release|Win32.Build.0 = Release|Win32
	EndGlobalSection
	GlobalSection(SolutionProperties) = preSolution
		HideSolutionNode = FALSE
	EndGlobalSection
EndGlobal
